{
  "name": "ls",
  "version": "1.0.0",
  "lockfileVersion": 2,
  "requires": true,
  "packages": {
    "": {
      "name": "ls",
      "version": "1.0.0",
      "license": "ISC",
      "dependencies": {
        "jstat": "^1.9.5"
      }
    },
    "node_modules/jstat": {
      "version": "1.9.5",
      "resolved": "https://registry.npmjs.org/jstat/-/jstat-1.9.5.tgz",
      "integrity": "sha512-cWnp4vObF5GmB2XsIEzxI/1ZTcYlcfNqxQ/9Fp5KFUa0Jf/4tO0ZkGVnqoEHDisJvYgvn5n3eWZbd2xTVJJPUQ=="
    }
  },
  "dependencies": {
    "jstat": {
      "version": "1.9.5",
      "resolved": "https://registry.npmjs.org/jstat/-/jstat-1.9.5.tgz",
      "integrity": "sha512-cWnp4vObF5GmB2XsIEzxI/1ZTcYlcfNqxQ/9Fp5KFUa0Jf/4tO0ZkGVnqoEHDisJvYgvn5n3eWZbd2xTVJJPUQ=="
    }
  }
}
