{
  "name": "ls",
  "version": "1.0.0",
  "lockfileVersion": 2,
  "requires": true,
  "packages": {
    "": {
      "name": "ls",
      "version": "1.0.0",
      "license": "ISC",
      "dependencies": {
        "jStat": "^1.8.6"
      }
    },
    "node_modules/jStat": {
      "version": "1.8.6",
      "resolved": "https://registry.npmjs.org/jStat/-/jStat-1.8.6.tgz",
      "integrity": "sha512-Oh/ePZVSoFigme69pHTQudcGh64cpNH9Lz3hBZcRJWLrDqpw7JfuYU9F3dj9py3tBYmHz7og7ZT8hXTNbYq9Rw=="
    }
  },
  "dependencies": {
    "jStat": {
      "version": "1.8.6",
      "resolved": "https://registry.npmjs.org/jStat/-/jStat-1.8.6.tgz",
      "integrity": "sha512-Oh/ePZVSoFigme69pHTQudcGh64cpNH9Lz3hBZcRJWLrDqpw7JfuYU9F3dj9py3tBYmHz7og7ZT8hXTNbYq9Rw=="
    }
  }
}
